
Microsoft Visual Studio Solution File, Format Version 12.00
# Visual Studio Version 16
VisualStudioVersion = 16.0.29924.181
MinimumVisualStudioVersion = 10.0.40219.1
Project("{FAE04EC0-301F-11D3-BF4B-00C04F79EFBC}") = "Blazor_LWC_ServerSide", "Blazor_LWC_ServerSide.csproj", "{1A0B7E02-3730-4AA9-A5D1-6C63E171E79B}"
EndProject
Global
	GlobalSection(SolutionConfigurationPlatforms) = preSolution
		Debug|Any CPU = Debug|Any CPU
		Release|Any CPU = Release|Any CPU
	EndGlobalSection
	GlobalSection(ProjectConfigurationPlatforms) = postSolution
		{1A0B7E02-3730-4AA9-A5D1-6C63E171E79B}.Debug|Any CPU.ActiveCfg = Debug|Any CPU
		{1A0B7E02-3730-4AA9-A5D1-6C63E171E79B}.Debug|Any CPU.Build.0 = Debug|Any CPU
		{1A0B7E02-3730-4AA9-A5D1-6C63E171E79B}.Release|Any CPU.ActiveCfg = Release|Any CPU
		{1A0B7E02-3730-4AA9-A5D1-6C63E171E79B}.Release|Any CPU.Build.0 = Release|Any CPU
	EndGlobalSection
	GlobalSection(SolutionProperties) = preSolution
		HideSolutionNode = FALSE
	EndGlobalSection
	GlobalSection(ExtensibilityGlobals) = postSolution
		SolutionGuid = {F1E91D23-6E62-43AA-9953-068BC9F32EDC}
	EndGlobalSection
EndGlobal
